// !$*UTF8*$!
{
	archiveVersion = 1;
	classes = {
	};
	objectVersion = 50;
	objects = {

/* Begin PBXBuildFile section */
		2821BEF42647BC8A00AB8314 /* AppDelegate.swift in Sources */ = {isa = PBXBuildFile; fileRef = 2821BEF32647BC8A00AB8314 /* AppDelegate.swift */; };
		2821BEF62647BC8A00AB8314 /* SceneDelegate.swift in Sources */ = {isa = PBXBuildFile; fileRef = 2821BEF52647BC8A00AB8314 /* SceneDelegate.swift */; };
		2821BEF82647BC8A00AB8314 /* ViewController.swift in Sources */ = {isa = PBXBuildFile; fileRef = 2821BEF72647BC8A00AB8314 /* ViewController.swift */; };
		2821BEFB2647BC8A00AB8314 /* Main.storyboard in Resources */ = {isa = PBXBuildFile; fileRef = 2821BEF92647BC8A00AB8314 /* Main.storyboard */; };
		2821BEFD2647BC8C00AB8314 /* Assets.xcassets in Resources */ = {isa = PBXBuildFile; fileRef = 2821BEFC2647BC8C00AB8314 /* Assets.xcassets */; };
		2821BF002647BC8C00AB8314 /* LaunchScreen.storyboard in Resources */ = {isa = PBXBuildFile; fileRef = 2821BEFE2647BC8C00AB8314 /* LaunchScreen.storyboard */; };
		2821BF0B2647BC8C00AB8314 /* IOSPreworkTests.swift in Sources */ = {isa = PBXBuildFile; fileRef = 2821BF0A2647BC8C00AB8314 /* IOSPreworkTests.swift */; };
		2821BF162647BC8C00AB8314 /* IOSPreworkUITests.swift in Sources */ = {isa = PBXBuildFile; fileRef = 2821BF152647BC8C00AB8314 /* IOSPreworkUITests.swift */; };
/* End PBXBuildFile section */

/* Begin PBXContainerItemProxy section */
		2821BF072647BC8C00AB8314 /* PBXContainerItemProxy */ = {
			isa = PBXContainerItemProxy;
			containerPortal = 2821BEE82647BC8A00AB8314 /* Project object */;
			proxyType = 1;
			remoteGlobalIDString = 2821BEEF2647BC8A00AB8314;
			remoteInfo = IOSPrework;
		};
		2821BF122647BC8C00AB8314 /* PBXContainerItemProxy */ = {
			isa = PBXContainerItemProxy;
			containerPortal = 2821BEE82647BC8A00AB8314 /* Project object */;
			proxyType = 1;
			remoteGlobalIDString = 2821BEEF2647BC8A00AB8314;
			remoteInfo = IOSPrework;
		};
/* End PBXContainerItemProxy section */

/* Begin PBXFileReference section */
		2821BEF02647BC8A00AB8314 /* IOSPrework.app */ = {isa = PBXFileReference; explicitFileType = wrapper.application; includeInIndex = 0; path = IOSPrework.app; sourceTree = BUILT_PRODUCTS_DIR; };
		2821BEF32647BC8A00AB8314 /* AppDelegate.swift */ = {isa = PBXFileReference; lastKnownFileType = sourcecode.swift; path = AppDelegate.swift; sourceTree = "<group>"; };
		2821BEF52647BC8A00AB8314 /* SceneDelegate.swift */ = {isa = PBXFileReference; lastKnownFileType = sourcecode.swift; path = SceneDelegate.swift; sourceTree = "<group>"; };
		2821BEF72647BC8A00AB8314 /* ViewController.swift */ = {isa = PBXFileReference; lastKnownFileType = sourcecode.swift; path = ViewController.swift; sourceTree = "<group>"; };
		2821BEFA2647BC8A00AB8314 /* Base */ = {isa = PBXFileReference; lastKnownFileType = file.storyboard; name = Base; path = Base.lproj/Main.storyboard; sourceTree = "<group>"; };
		2821BEFC2647BC8C00AB8314 /* Assets.xcassets */ = {isa = PBXFileReference; lastKnownFileType = folder.assetcatalog; path = Assets.xcassets; sourceTree = "<group>"; };
		2821BEFF2647BC8C00AB8314 /* Base */ = {isa = PBXFileReference; lastKnownFileType = file.storyboard; name = Base; path = Base.lproj/LaunchScreen.storyboard; sourceTree = "<group>"; };
		2821BF012647BC8C00AB8314 /* Info.plist */ = {isa = PBXFileReference; lastKnownFileType = text.plist.xml; path = Info.plist; sourceTree = "<group>"; };
		2821BF062647BC8C00AB8314 /* IOSPreworkTests.xctest */ = {isa = PBXFileReference; explicitFileType = wrapper.cfbundle; includeInIndex = 0; path = IOSPreworkTests.xctest; sourceTree = BUILT_PRODUCTS_DIR; };
		2821BF0A2647BC8C00AB8314 /* IOSPreworkTests.swift */ = {isa = PBXFileReference; lastKnownFileType = sourcecode.swift; path = IOSPreworkTests.swift; sourceTree = "<group>"; };
		2821BF0C2647BC8C00AB8314 /* Info.plist */ = {isa = PBXFileReference; lastKnownFileType = text.plist.xml; path = Info.plist; sourceTree = "<group>"; };
		2821BF112647BC8C00AB8314 /* IOSPreworkUITests.xctest */ = {isa = PBXFileReference; explicitFileType = wrapper.cfbundle; includeInIndex = 0; path = IOSPreworkUITests.xctest; sourceTree = BUILT_PRODUCTS_DIR; };
		2821BF152647BC8C00AB8314 /* IOSPreworkUITests.swift */ = {isa = PBXFileReference; lastKnownFileType = sourcecode.swift; path = IOSPreworkUITests.swift; sourceTree = "<group>"; };
		2821BF172647BC8C00AB8314 /* Info.plist */ = {isa = PBXFileReference; lastKnownFileType = text.plist.xml; path = Info.plist; sourceTree = "<group>"; };
/* End PBXFileReference section */

/* Begin PBXFrameworksBuildPhase section */
		2821BEED2647BC8A00AB8314 /* Frameworks */ = {
			isa = PBXFrameworksBuildPhase;
			buildActionMask = 2147483647;
			files = (
			);
			runOnlyForDeploymentPostprocessing = 0;
		};
		2821BF032647BC8C00AB8314 /* Frameworks */ = {
			isa = PBXFrameworksBuildPhase;
			buildActionMask = 2147483647;
			files = (
			);
			runOnlyForDeploymentPostprocessing = 0;
		};
		2821BF0E2647BC8C00AB8314 /* Frameworks */ = {
			isa = PBXFrameworksBuildPhase;
			buildActionMask = 2147483647;
			files = (
			);
			runOnlyForDeploymentPostprocessing = 0;
		};
/* End PBXFrameworksBuildPhase section */

/* Begin PBXGroup section */
		2821BEE72647BC8A00AB8314 = {
			isa = PBXGroup;
			children = (
				2821BEF22647BC8A00AB8314 /* IOSPrework */,
				2821BF092647BC8C00AB8314 /* IOSPreworkTests */,
				2821BF142647BC8C00AB8314 /* IOSPreworkUITests */,
				2821BEF12647BC8A00AB8314 /* Products */,
			);
			sourceTree = "<group>";
		};
		2821BEF12647BC8A00AB8314 /* Products */ = {
			isa = PBXGroup;
			children = (
				2821BEF02647BC8A00AB8314 /* IOSPrework.app */,
				2821BF062647BC8C00AB8314 /* IOSPreworkTests.xctest */,
				2821BF112647BC8C00AB8314 /* IOSPreworkUITests.xctest */,
			);
			name = Products;
			sourceTree = "<group>";
		};
		2821BEF22647BC8A00AB8314 /* IOSPrework */ = {
			isa = PBXGroup;
			children = (
				2821BEF32647BC8A00AB8314 /* AppDelegate.swift */,
				2821BEF52647BC8A00AB8314 /* SceneDelegate.swift */,
				2821BEF72647BC8A00AB8314 /* ViewController.swift */,
				2821BEF92647BC8A00AB8314 /* Main.storyboard */,
				2821BEFC2647BC8C00AB8314 /* Assets.xcassets */,
				2821BEFE2647BC8C00AB8314 /* LaunchScreen.storyboard */,
				2821BF012647BC8C00AB8314 /* Info.plist */,
			);
			path = IOSPrework;
			sourceTree = "<group>";
		};
		2821BF092647BC8C00AB8314 /* IOSPreworkTests */ = {
			isa = PBXGroup;
			children = (
				2821BF0A2647BC8C00AB8314 /* IOSPreworkTests.swift */,
				2821BF0C2647BC8C00AB8314 /* Info.plist */,
			);
			path = IOSPreworkTests;
			sourceTree = "<group>";
		};
		2821BF142647BC8C00AB8314 /* IOSPreworkUITests */ = {
			isa = PBXGroup;
			children = (
				2821BF152647BC8C00AB8314 /* IOSPreworkUITests.swift */,
				2821BF172647BC8C00AB8314 /* Info.plist */,
			);
			path = IOSPreworkUITests;
			sourceTree = "<group>";
		};
/* End PBXGroup section */

/* Begin PBXNativeTarget section */
		2821BEEF2647BC8A00AB8314 /* IOSPrework */ = {
			isa = PBXNativeTarget;
			buildConfigurationList = 2821BF1A2647BC8C00AB8314 /* Build configuration list for PBXNativeTarget "IOSPrework" */;
			buildPhases = (
				2821BEEC2647BC8A00AB8314 /* Sources */,
				2821BEED2647BC8A00AB8314 /* Frameworks */,
				2821BEEE2647BC8A00AB8314 /* Resources */,
			);
			buildRules = (
			);
			dependencies = (
			);
			name = IOSPrework;
			productName = IOSPrework;
			productReference = 2821BEF02647BC8A00AB8314 /* IOSPrework.app */;
			productType = "com.apple.product-type.application";
		};
		2821BF052647BC8C00AB8314 /* IOSPreworkTests */ = {
			isa = PBXNativeTarget;
			buildConfigurationList = 2821BF1D2647BC8C00AB8314 /* Build configuration list for PBXNativeTarget "IOSPreworkTests" */;
			buildPhases = (
				2821BF022647BC8C00AB8314 /* Sources */,
				2821BF032647BC8C00AB8314 /* Frameworks */,
				2821BF042647BC8C00AB8314 /* Resources */,
			);
			buildRules = (
			);
			dependencies = (
				2821BF082647BC8C00AB8314 /* PBXTargetDependency */,
			);
			name = IOSPreworkTests;
			productName = IOSPreworkTests;
			productReference = 2821BF062647BC8C00AB8314 /* IOSPreworkTests.xctest */;
			productType = "com.apple.product-type.bundle.unit-test";
		};
		2821BF102647BC8C00AB8314 /* IOSPreworkUITests */ = {
			isa = PBXNativeTarget;
			buildConfigurationList = 2821BF202647BC8C00AB8314 /* Build configuration list for PBXNativeTarget "IOSPreworkUITests" */;
			buildPhases = (
				2821BF0D2647BC8C00AB8314 /* Sources */,
				2821BF0E2647BC8C00AB8314 /* Frameworks */,
				2821BF0F2647BC8C00AB8314 /* Resources */,
			);
			buildRules = (
			);
			dependencies = (
				2821BF132647BC8C00AB8314 /* PBXTargetDependency */,
			);
			name = IOSPreworkUITests;
			productName = IOSPreworkUITests;
			productReference = 2821BF112647BC8C00AB8314 /* IOSPreworkUITests.xctest */;
			productType = "com.apple.product-type.bundle.ui-testing";
		};
/* End PBXNativeTarget section */

/* Begin PBXProject section */
		2821BEE82647BC8A00AB8314 /* Project object */ = {
			isa = PBXProject;
			attributes = {
				LastSwiftUpdateCheck = 1230;
				LastUpgradeCheck = 1230;
				TargetAttributes = {
					2821BEEF2647BC8A00AB8314 = {
						CreatedOnToolsVersion = 12.3;
					};
					2821BF052647BC8C00AB8314 = {
						CreatedOnToolsVersion = 12.3;
						TestTargetID = 2821BEEF2647BC8A00AB8314;
					};
					2821BF102647BC8C00AB8314 = {
						CreatedOnToolsVersion = 12.3;
						TestTargetID = 2821BEEF2647BC8A00AB8314;
					};
				};
			};
			buildConfigurationList = 2821BEEB2647BC8A00AB8314 /* Build configuration list for PBXProject "IOSPrework" */;
			compatibilityVersion = "Xcode 9.3";
			developmentRegion = en;
			hasScannedForEncodings = 0;
			knownRegions = (
				en,
				Base,
			);
			mainGroup = 2821BEE72647BC8A00AB8314;
			productRefGroup = 2821BEF12647BC8A00AB8314 /* Products */;
			projectDirPath = "";
			projectRoot = "";
			targets = (
				2821BEEF2647BC8A00AB8314 /* IOSPrework */,
				2821BF052647BC8C00AB8314 /* IOSPreworkTests */,
				2821BF102647BC8C00AB8314 /* IOSPreworkUITests */,
			);
		};
/* End PBXProject section */

/* Begin PBXResourcesBuildPhase section */
		2821BEEE2647BC8A00AB8314 /* Resources */ = {
			isa = PBXResourcesBuildPhase;
			buildActionMask = 2147483647;
			files = (
				2821BF002647BC8C00AB8314 /* LaunchScreen.storyboard in Resources */,
				2821BEFD2647BC8C00AB8314 /* Assets.xcassets in Resources */,
				2821BEFB2647BC8A00AB8314 /* Main.storyboard in Resources */,
			);
			runOnlyForDeploymentPostprocessing = 0;
		};
		2821BF042647BC8C00AB8314 /* Resources */ = {
			isa = PBXResourcesBuildPhase;
			buildActionMask = 2147483647;
			files = (
			);
			runOnlyForDeploymentPostprocessing = 0;
		};
		2821BF0F2647BC8C00AB8314 /* Resources */ = {
			isa = PBXResourcesBuildPhase;
			buildActionMask = 2147483647;
			files = (
			);
			runOnlyForDeploymentPostprocessing = 0;
		};
/* End PBXResourcesBuildPhase section */

/* Begin PBXSourcesBuildPhase section */
		2821BEEC2647BC8A00AB8314 /* Sources */ = {
			isa = PBXSourcesBuildPhase;
			buildActionMask = 2147483647;
			files = (
				2821BEF82647BC8A00AB8314 /* ViewController.swift in Sources */,
				2821BEF42647BC8A00AB8314 /* AppDelegate.swift in Sources */,
				2821BEF62647BC8A00AB8314 /* SceneDelegate.swift in Sources */,
			);
			runOnlyForDeploymentPostprocessing = 0;
		};
		2821BF022647BC8C00AB8314 /* Sources */ = {
			isa = PBXSourcesBuildPhase;
			buildActionMask = 2147483647;
			files = (
				2821BF0B2647BC8C00AB8314 /* IOSPreworkTests.swift in Sources */,
			);
			runOnlyForDeploymentPostprocessing = 0;
		};
		2821BF0D2647BC8C00AB8314 /* Sources */ = {
			isa = PBXSourcesBuildPhase;
			buildActionMask = 2147483647;
			files = (
				2821BF162647BC8C00AB8314 /* IOSPreworkUITests.swift in Sources */,
			);
			runOnlyForDeploymentPostprocessing = 0;
		};
/* End PBXSourcesBuildPhase section */

/* Begin PBXTargetDependency section */
		2821BF082647BC8C00AB8314 /* PBXTargetDependency */ = {
			isa = PBXTargetDependency;
			target = 2821BEEF2647BC8A00AB8314 /* IOSPrework */;
			targetProxy = 2821BF072647BC8C00AB8314 /* PBXContainerItemProxy */;
		};
		2821BF132647BC8C00AB8314 /* PBXTargetDependency */ = {
			isa = PBXTargetDependency;
			target = 2821BEEF2647BC8A00AB8314 /* IOSPrework */;
			targetProxy = 2821BF122647BC8C00AB8314 /* PBXContainerItemProxy */;
		};
/* End PBXTargetDependency section */

/* Begin PBXVariantGroup section */
		2821BEF92647BC8A00AB8314 /* Main.storyboard */ = {
			isa = PBXVariantGroup;
			children = (
				2821BEFA2647BC8A00AB8314 /* Base */,
			);
			name = Main.storyboard;
			sourceTree = "<group>";
		};
		2821BEFE2647BC8C00AB8314 /* LaunchScreen.storyboard */ = {
			isa = PBXVariantGroup;
			children = (
				2821BEFF2647BC8C00AB8314 /* Base */,
			);
			name = LaunchScreen.storyboard;
			sourceTree = "<group>";
		};
/* End PBXVariantGroup section */

/* Begin XCBuildConfiguration section */
		2821BF182647BC8C00AB8314 /* Debug */ = {
			isa = XCBuildConfiguration;
			buildSettings = {
				ALWAYS_SEARCH_USER_PATHS = NO;
				CLANG_ANALYZER_NONNULL = YES;
				CLANG_ANALYZER_NUMBER_OBJECT_CONVERSION = YES_AGGRESSIVE;
				CLANG_CXX_LANGUAGE_STANDARD = "gnu++14";
				CLANG_CXX_LIBRARY = "libc++";
				CLANG_ENABLE_MODULES = YES;
				CLANG_ENABLE_OBJC_ARC = YES;
				CLANG_ENABLE_OBJC_WEAK = YES;
				CLANG_WARN_BLOCK_CAPTURE_AUTORELEASING = YES;
				CLANG_WARN_BOOL_CONVERSION = YES;
				CLANG_WARN_COMMA = YES;
				CLANG_WARN_CONSTANT_CONVERSION = YES;
				CLANG_WARN_DEPRECATED_OBJC_IMPLEMENTATIONS = YES;
				CLANG_WARN_DIRECT_OBJC_ISA_USAGE = YES_ERROR;
				CLANG_WARN_DOCUMENTATION_COMMENTS = YES;
				CLANG_WARN_EMPTY_BODY = YES;
				CLANG_WARN_ENUM_CONVERSION = YES;
				CLANG_WARN_INFINITE_RECURSION = YES;
				CLANG_WARN_INT_CONVERSION = YES;
				CLANG_WARN_NON_LITERAL_NULL_CONVERSION = YES;
				CLANG_WARN_OBJC_IMPLICIT_RETAIN_SELF = YES;
				CLANG_WARN_OBJC_LITERAL_CONVERSION = YES;
				CLANG_WARN_OBJC_ROOT_CLASS = YES_ERROR;
				CLANG_WARN_QUOTED_INCLUDE_IN_FRAMEWORK_HEADER = YES;
				CLANG_WARN_RANGE_LOOP_ANALYSIS = YES;
				CLANG_WARN_STRICT_PROTOTYPES = YES;
				CLANG_WARN_SUSPICIOUS_MOVE = YES;
				CLANG_WARN_UNGUARDED_AVAILABILITY = YES_AGGRESSIVE;
				CLANG_WARN_UNREACHABLE_CODE = YES;
				CLANG_WARN__DUPLICATE_METHOD_MATCH = YES;
				COPY_PHASE_STRIP = NO;
				DEBUG_INFORMATION_FORMAT = dwarf;
				ENABLE_STRICT_OBJC_MSGSEND = YES;
				ENABLE_TESTABILITY = YES;
				GCC_C_LANGUAGE_STANDARD = gnu11;
				GCC_DYNAMIC_NO_PIC = NO;
				GCC_NO_COMMON_BLOCKS = YES;
				GCC_OPTIMIZATION_LEVEL = 0;
				GCC_PREPROCESSOR_DEFINITIONS = (
					"DEBUG=1",
					"$(inherited)",
				);
				GCC_WARN_64_TO_32_BIT_CONVERSION = YES;
				GCC_WARN_ABOUT_RETURN_TYPE = YES_ERROR;
				GCC_WARN_UNDECLARED_SELECTOR = YES;
				GCC_WARN_UNINITIALIZED_AUTOS = YES_AGGRESSIVE;
				GCC_WARN_UNUSED_FUNCTION = YES;
				GCC_WARN_UNUSED_VARIABLE = YES;
				IPHONEOS_DEPLOYMENT_TARGET = 14.3;
				MTL_ENABLE_DEBUG_INFO = INCLUDE_SOURCE;
				MTL_FAST_MATH = YES;
				ONLY_ACTIVE_ARCH = YES;
				SDKROOT = iphoneos;
				SWIFT_ACTIVE_COMPILATION_CONDITIONS = DEBUG;
				SWIFT_OPTIMIZATION_LEVEL = "-Onone";
			};
			name = Debug;
		};
		2821BF192647BC8C00AB8314 /* Release */ = {
			isa = XCBuildConfiguration;
			buildSettings = {
				ALWAYS_SEARCH_USER_PATHS = NO;
				CLANG_ANALYZER_NONNULL = YES;
				CLANG_ANALYZER_NUMBER_OBJECT_CONVERSION = YES_AGGRESSIVE;
				CLANG_CXX_LANGUAGE_STANDARD = "gnu++14";
				CLANG_CXX_LIBRARY = "libc++";
				CLANG_ENABLE_MODULES = YES;
				CLANG_ENABLE_OBJC_ARC = YES;
				CLANG_ENABLE_OBJC_WEAK = YES;
				CLANG_WARN_BLOCK_CAPTURE_AUTORELEASING = YES;
				CLANG_WARN_BOOL_CONVERSION = YES;
				CLANG_WARN_COMMA = YES;
				CLANG_WARN_CONSTANT_CONVERSION = YES;
				CLANG_WARN_DEPRECATED_OBJC_IMPLEMENTATIONS = YES;
				CLANG_WARN_DIRECT_OBJC_ISA_USAGE = YES_ERROR;
				CLANG_WARN_DOCUMENTATION_COMMENTS = YES;
				CLANG_WARN_EMPTY_BODY = YES;
				CLANG_WARN_ENUM_CONVERSION = YES;
				CLANG_WARN_INFINITE_RECURSION = YES;
				CLANG_WARN_INT_CONVERSION = YES;
				CLANG_WARN_NON_LITERAL_NULL_CONVERSION = YES;
				CLANG_WARN_OBJC_IMPLICIT_RETAIN_SELF = YES;
				CLANG_WARN_OBJC_LITERAL_CONVERSION = YES;
				CLANG_WARN_OBJC_ROOT_CLASS = YES_ERROR;
				CLANG_WARN_QUOTED_INCLUDE_IN_FRAMEWORK_HEADER = YES;
				CLANG_WARN_RANGE_LOOP_ANALYSIS = YES;
				CLANG_WARN_STRICT_PROTOTYPES = YES;
				CLANG_WARN_SUSPICIOUS_MOVE = YES;
				CLANG_WARN_UNGUARDED_AVAILABILITY = YES_AGGRESSIVE;
				CLANG_WARN_UNREACHABLE_CODE = YES;
				CLANG_WARN__DUPLICATE_METHOD_MATCH = YES;
				COPY_PHASE_STRIP = NO;
				DEBUG_INFORMATION_FORMAT = "dwarf-with-dsym";
				ENABLE_NS_ASSERTIONS = NO;
				ENABLE_STRICT_OBJC_MSGSEND = YES;
				GCC_C_LANGUAGE_STANDARD = gnu11;
				GCC_NO_COMMON_BLOCKS = YES;
				GCC_WARN_64_TO_32_BIT_CONVERSION = YES;
				GCC_WARN_ABOUT_RETURN_TYPE = YES_ERROR;
				GCC_WARN_UNDECLARED_SELECTOR = YES;
				GCC_WARN_UNINITIALIZED_AUTOS = YES_AGGRESSIVE;
				GCC_WARN_UNUSED_FUNCTION = YES;
				GCC_WARN_UNUSED_VARIABLE = YES;
				IPHONEOS_DEPLOYMENT_TARGET = 14.3;
				MTL_ENABLE_DEBUG_INFO = NO;
				MTL_FAST_MATH = YES;
				SDKROOT = iphoneos;
				SWIFT_COMPILATION_MODE = wholemodule;
				SWIFT_OPTIMIZATION_LEVEL = "-O";
				VALIDATE_PRODUCT = YES;
			};
			name = Release;
		};
		2821BF1B2647BC8C00AB8314 /* Debug */ = {
			isa = XCBuildConfiguration;
			buildSettings = {
				ASSETCATALOG_COMPILER_APPICON_NAME = AppIcon;
				ASSETCATALOG_COMPILER_GLOBAL_ACCENT_COLOR_NAME = AccentColor;
				CODE_SIGN_STYLE = Automatic;
				DEVELOPMENT_TEAM = ZW23S39DT8;
				INFOPLIST_FILE = IOSPrework/Info.plist;
				LD_RUNPATH_SEARCH_PATHS = (
					"$(inherited)",
					"@executable_path/Frameworks",
				);
				PRODUCT_BUNDLE_IDENTIFIER = com.EfazAhmed.IOSPrework;
				PRODUCT_NAME = "$(TARGET_NAME)";
				SWIFT_VERSION = 5.0;
				TARGETED_DEVICE_FAMILY = "1,2";
			};
			name = Debug;
		};
		2821BF1C2647BC8C00AB8314 /* Release */ = {
			isa = XCBuildConfiguration;
			buildSettings = {
				ASSETCATALOG_COMPILER_APPICON_NAME = AppIcon;
				ASSETCATALOG_COMPILER_GLOBAL_ACCENT_COLOR_NAME = AccentColor;
				CODE_SIGN_STYLE = Automatic;
				DEVELOPMENT_TEAM = ZW23S39DT8;
				INFOPLIST_FILE = IOSPrework/Info.plist;
				LD_RUNPATH_SEARCH_PATHS = (
					"$(inherited)",
					"@executable_path/Frameworks",
				);
				PRODUCT_BUNDLE_IDENTIFIER = com.EfazAhmed.IOSPrework;
				PRODUCT_NAME = "$(TARGET_NAME)";
				SWIFT_VERSION = 5.0;
				TARGETED_DEVICE_FAMILY = "1,2";
			};
			name = Release;
		};
		2821BF1E2647BC8C00AB8314 /* Debug */ = {
			isa = XCBuildConfiguration;
			buildSettings = {
				ALWAYS_EMBED_SWIFT_STANDARD_LIBRARIES = YES;
				BUNDLE_LOADER = "$(TEST_HOST)";
				CODE_SIGN_STYLE = Automatic;
				DEVELOPMENT_TEAM = ZW23S39DT8;
				INFOPLIST_FILE = IOSPreworkTests/Info.plist;
				IPHONEOS_DEPLOYMENT_TARGET = 14.3;
				LD_RUNPATH_SEARCH_PATHS = (
					"$(inherited)",
					"@executable_path/Frameworks",
					"@loader_path/Frameworks",
				);
				PRODUCT_BUNDLE_IDENTIFIER = com.EfazAhmed.IOSPreworkTests;
				PRODUCT_NAME = "$(TARGET_NAME)";
				SWIFT_VERSION = 5.0;
				TARGETED_DEVICE_FAMILY = "1,2";
				TEST_HOST = "$(BUILT_PRODUCTS_DIR)/IOSPrework.app/IOSPrework";
			};
			name = Debug;
		};
		2821BF1F2647BC8C00AB8314 /* Release */ = {
			isa = XCBuildConfiguration;
			buildSettings = {
				ALWAYS_EMBED_SWIFT_STANDARD_LIBRARIES = YES;
				BUNDLE_LOADER = "$(TEST_HOST)";
				CODE_SIGN_STYLE = Automatic;
				DEVELOPMENT_TEAM = ZW23S39DT8;
				INFOPLIST_FILE = IOSPreworkTests/Info.plist;
				IPHONEOS_DEPLOYMENT_TARGET = 14.3;
				LD_RUNPATH_SEARCH_PATHS = (
					"$(inherited)",
					"@executable_path/Frameworks",
					"@loader_path/Frameworks",
				);
				PRODUCT_BUNDLE_IDENTIFIER = com.EfazAhmed.IOSPreworkTests;
				PRODUCT_NAME = "$(TARGET_NAME)";
				SWIFT_VERSION = 5.0;
				TARGETED_DEVICE_FAMILY = "1,2";
				TEST_HOST = "$(BUILT_PRODUCTS_DIR)/IOSPrework.app/IOSPrework";
			};
			name = Release;
		};
		2821BF212647BC8C00AB8314 /* Debug */ = {
			isa = XCBuildConfiguration;
			buildSettings = {
				ALWAYS_EMBED_SWIFT_STANDARD_LIBRARIES = YES;
				CODE_SIGN_STYLE = Automatic;
				DEVELOPMENT_TEAM = ZW23S39DT8;
				INFOPLIST_FILE = IOSPreworkUITests/Info.plist;
				LD_RUNPATH_SEARCH_PATHS = (
					"$(inherited)",
					"@executable_path/Frameworks",
					"@loader_path/Frameworks",
				);
				PRODUCT_BUNDLE_IDENTIFIER = com.EfazAhmed.IOSPreworkUITests;
				PRODUCT_NAME = "$(TARGET_NAME)";
				SWIFT_VERSION = 5.0;
				TARGETED_DEVICE_FAMILY = "1,2";
				TEST_TARGET_NAME = IOSPrework;
			};
			name = Debug;
		};
		2821BF222647BC8C00AB8314 /* Release */ = {
			isa = XCBuildConfiguration;
			buildSettings = {
				ALWAYS_EMBED_SWIFT_STANDARD_LIBRARIES = YES;
				CODE_SIGN_STYLE = Automatic;
				DEVELOPMENT_TEAM = ZW23S39DT8;
				INFOPLIST_FILE = IOSPreworkUITests/Info.plist;
				LD_RUNPATH_SEARCH_PATHS = (
					"$(inherited)",
					"@executable_path/Frameworks",
					"@loader_path/Frameworks",
				);
				PRODUCT_BUNDLE_IDENTIFIER = com.EfazAhmed.IOSPreworkUITests;
				PRODUCT_NAME = "$(TARGET_NAME)";
				SWIFT_VERSION = 5.0;
				TARGETED_DEVICE_FAMILY = "1,2";
				TEST_TARGET_NAME = IOSPrework;
			};
			name = Release;
		};
/* End XCBuildConfiguration section */

/* Begin XCConfigurationList section */
		2821BEEB2647BC8A00AB8314 /* Build configuration list for PBXProject "IOSPrework" */ = {
			isa = XCConfigurationList;
			buildConfigurations = (
				2821BF182647BC8C00AB8314 /* Debug */,
				2821BF192647BC8C00AB8314 /* Release */,
			);
			defaultConfigurationIsVisible = 0;
			defaultConfigurationName = Release;
		};
		2821BF1A2647BC8C00AB8314 /* Build configuration list for PBXNativeTarget "IOSPrework" */ = {
			isa = XCConfigurationList;
			buildConfigurations = (
				2821BF1B2647BC8C00AB8314 /* Debug */,
				2821BF1C2647BC8C00AB8314 /* Release */,
			);
			defaultConfigurationIsVisible = 0;
			defaultConfigurationName = Release;
		};
		2821BF1D2647BC8C00AB8314 /* Build configuration list for PBXNativeTarget "IOSPreworkTests" */ = {
			isa = XCConfigurationList;
			buildConfigurations = (
				2821BF1E2647BC8C00AB8314 /* Debug */,
				2821BF1F2647BC8C00AB8314 /* Release */,
			);
			defaultConfigurationIsVisible = 0;
			defaultConfigurationName = Release;
		};
		2821BF202647BC8C00AB8314 /* Build configuration list for PBXNativeTarget "IOSPreworkUITests" */ = {
			isa = XCConfigurationList;
			buildConfigurations = (
				2821BF212647BC8C00AB8314 /* Debug */,
				2821BF222647BC8C00AB8314 /* Release */,
			);
			defaultConfigurationIsVisible = 0;
			defaultConfigurationName = Release;
		};
/* End XCConfigurationList section */
	};
	rootObject = 2821BEE82647BC8A00AB8314 /* Project object */;
}
